PODS:
  - RongCloudIM/IMLib (4.0.0)
  - RongRTCLib (4.0.0):
    - RongCloudIM/IMLib (~> 4.0.0)

DEPENDENCIES:
  - RongRTCLib

SPEC REPOS:
  trunk:
    - RongCloudIM
    - RongRTCLib

SPEC CHECKSUMS:
  RongCloudIM: 239687f404f6a46b5c8e696d4b2d2ec3fedf2485
  RongRTCLib: 3703c7e7c1a56998604cbbfa9a4730bc472f8b13

PODFILE CHECKSUM: ab2ecbd0a7e5f194eb167bccddc522602df8e40a

COCOAPODS: 1.8.4
