PODS:
  - RongCloudIM/IMLib (2.9.14)
  - RongRTCLib (3.0.1):
    - RongCloudIM/IMLib (~> 2.9.14)

DEPENDENCIES:
  - RongRTCLib (~> 3.0.1)

SPEC REPOS:
  https://github.com/cocoapods/specs.git:
    - RongCloudIM
    - RongRTCLib

SPEC CHECKSUMS:
  RongCloudIM: 7283628517deaf3500c004d207b2db9836458163
  RongRTCLib: 897b1e293f5345c3b6a951beffd3dd39979fe1e9

PODFILE CHECKSUM: b73f08b9a0b4ce2f471f0aa519091edec7e0bc16

COCOAPODS: 1.5.3
