// !$*UTF8*$!
{
	archiveVersion = 1;
	classes = {
	};
	objectVersion = 50;
	objects = {

/* Begin PBXBuildFile section */
		1714B56B225AF4E700DDBBA4 /* AppDelegate.m in Sources */ = {isa = PBXBuildFile; fileRef = 1714B56A225AF4E700DDBBA4 /* AppDelegate.m */; };
		1714B56E225AF4E700DDBBA4 /* ViewController.m in Sources */ = {isa = PBXBuildFile; fileRef = 1714B56D225AF4E700DDBBA4 /* ViewController.m */; };
		1714B571225AF4E700DDBBA4 /* Main.storyboard in Resources */ = {isa = PBXBuildFile; fileRef = 1714B56F225AF4E700DDBBA4 /* Main.storyboard */; };
		1714B573225AF4E800DDBBA4 /* Assets.xcassets in Resources */ = {isa = PBXBuildFile; fileRef = 1714B572225AF4E800DDBBA4 /* Assets.xcassets */; };
		1714B576225AF4E800DDBBA4 /* LaunchScreen.storyboard in Resources */ = {isa = PBXBuildFile; fileRef = 1714B574225AF4E800DDBBA4 /* LaunchScreen.storyboard */; };
		1714B579225AF4E800DDBBA4 /* main.m in Sources */ = {isa = PBXBuildFile; fileRef = 1714B578225AF4E800DDBBA4 /* main.m */; };
		1714B583225AF4E800DDBBA4 /* RTC_Quick_Start_iOSTests.m in Sources */ = {isa = PBXBuildFile; fileRef = 1714B582225AF4E800DDBBA4 /* RTC_Quick_Start_iOSTests.m */; };
		1714B58E225AF4E800DDBBA4 /* RTC_Quick_Start_iOSUITests.m in Sources */ = {isa = PBXBuildFile; fileRef = 1714B58D225AF4E800DDBBA4 /* RTC_Quick_Start_iOSUITests.m */; };
		28BA58C52BFB3B24EC7B04B5 /* libPods-RTC-Quick-Start-iOSUITests.a in Frameworks */ = {isa = PBXBuildFile; fileRef = E4CB1D606D6CBE18C224C893 /* libPods-RTC-Quick-Start-iOSUITests.a */; };
		30F4036BB3C39EDB199C2AB4 /* libPods-RTC-Quick-Start-iOS.a in Frameworks */ = {isa = PBXBuildFile; fileRef = C114B318697A812E370BC5B7 /* libPods-RTC-Quick-Start-iOS.a */; };
		9F46D11DB36FB2D912776F09 /* libPods-RTC-Quick-Start-iOSTests.a in Frameworks */ = {isa = PBXBuildFile; fileRef = 4BE177E8618FE630514C7B65 /* libPods-RTC-Quick-Start-iOSTests.a */; };
/* End PBXBuildFile section */

/* Begin PBXContainerItemProxy section */
		1714B57F225AF4E800DDBBA4 /* PBXContainerItemProxy */ = {
			isa = PBXContainerItemProxy;
			containerPortal = 1714B55E225AF4E700DDBBA4 /* Project object */;
			proxyType = 1;
			remoteGlobalIDString = 1714B565225AF4E700DDBBA4;
			remoteInfo = "RTC-Quick-Start-iOS";
		};
		1714B58A225AF4E800DDBBA4 /* PBXContainerItemProxy */ = {
			isa = PBXContainerItemProxy;
			containerPortal = 1714B55E225AF4E700DDBBA4 /* Project object */;
			proxyType = 1;
			remoteGlobalIDString = 1714B565225AF4E700DDBBA4;
			remoteInfo = "RTC-Quick-Start-iOS";
		};
/* End PBXContainerItemProxy section */

/* Begin PBXFileReference section */
		1714B566225AF4E700DDBBA4 /* RTC-Quick-Start-iOS.app */ = {isa = PBXFileReference; explicitFileType = wrapper.application; includeInIndex = 0; path = "RTC-Quick-Start-iOS.app"; sourceTree = BUILT_PRODUCTS_DIR; };
		1714B569225AF4E700DDBBA4 /* AppDelegate.h */ = {isa = PBXFileReference; lastKnownFileType = sourcecode.c.h; path = AppDelegate.h; sourceTree = "<group>"; };
		1714B56A225AF4E700DDBBA4 /* AppDelegate.m */ = {isa = PBXFileReference; lastKnownFileType = sourcecode.c.objc; path = AppDelegate.m; sourceTree = "<group>"; };
		1714B56C225AF4E700DDBBA4 /* ViewController.h */ = {isa = PBXFileReference; lastKnownFileType = sourcecode.c.h; path = ViewController.h; sourceTree = "<group>"; };
		1714B56D225AF4E700DDBBA4 /* ViewController.m */ = {isa = PBXFileReference; lastKnownFileType = sourcecode.c.objc; path = ViewController.m; sourceTree = "<group>"; };
		1714B570225AF4E700DDBBA4 /* Base */ = {isa = PBXFileReference; lastKnownFileType = file.storyboard; name = Base; path = Base.lproj/Main.storyboard; sourceTree = "<group>"; };
		1714B572225AF4E800DDBBA4 /* Assets.xcassets */ = {isa = PBXFileReference; lastKnownFileType = folder.assetcatalog; path = Assets.xcassets; sourceTree = "<group>"; };
		1714B575225AF4E800DDBBA4 /* Base */ = {isa = PBXFileReference; lastKnownFileType = file.storyboard; name = Base; path = Base.lproj/LaunchScreen.storyboard; sourceTree = "<group>"; };
		1714B577225AF4E800DDBBA4 /* Info.plist */ = {isa = PBXFileReference; lastKnownFileType = text.plist.xml; path = Info.plist; sourceTree = "<group>"; };
		1714B578225AF4E800DDBBA4 /* main.m */ = {isa = PBXFileReference; lastKnownFileType = sourcecode.c.objc; path = main.m; sourceTree = "<group>"; };
		1714B57E225AF4E800DDBBA4 /* RTC-Quick-Start-iOSTests.xctest */ = {isa = PBXFileReference; explicitFileType = wrapper.cfbundle; includeInIndex = 0; path = "RTC-Quick-Start-iOSTests.xctest"; sourceTree = BUILT_PRODUCTS_DIR; };
		1714B582225AF4E800DDBBA4 /* RTC_Quick_Start_iOSTests.m */ = {isa = PBXFileReference; lastKnownFileType = sourcecode.c.objc; path = RTC_Quick_Start_iOSTests.m; sourceTree = "<group>"; };
		1714B584225AF4E800DDBBA4 /* Info.plist */ = {isa = PBXFileReference; lastKnownFileType = text.plist.xml; path = Info.plist; sourceTree = "<group>"; };
		1714B589225AF4E800DDBBA4 /* RTC-Quick-Start-iOSUITests.xctest */ = {isa = PBXFileReference; explicitFileType = wrapper.cfbundle; includeInIndex = 0; path = "RTC-Quick-Start-iOSUITests.xctest"; sourceTree = BUILT_PRODUCTS_DIR; };
		1714B58D225AF4E800DDBBA4 /* RTC_Quick_Start_iOSUITests.m */ = {isa = PBXFileReference; lastKnownFileType = sourcecode.c.objc; path = RTC_Quick_Start_iOSUITests.m; sourceTree = "<group>"; };
		1714B58F225AF4E800DDBBA4 /* Info.plist */ = {isa = PBXFileReference; lastKnownFileType = text.plist.xml; path = Info.plist; sourceTree = "<group>"; };
		1DD49463AE5A8F94664A739E /* Pods-RTC-Quick-Start-iOS.release.xcconfig */ = {isa = PBXFileReference; includeInIndex = 1; lastKnownFileType = text.xcconfig; name = "Pods-RTC-Quick-Start-iOS.release.xcconfig"; path = "Pods/Target Support Files/Pods-RTC-Quick-Start-iOS/Pods-RTC-Quick-Start-iOS.release.xcconfig"; sourceTree = "<group>"; };
		4BE177E8618FE630514C7B65 /* libPods-RTC-Quick-Start-iOSTests.a */ = {isa = PBXFileReference; explicitFileType = archive.ar; includeInIndex = 0; path = "libPods-RTC-Quick-Start-iOSTests.a"; sourceTree = BUILT_PRODUCTS_DIR; };
		863EC3A44899299E38E3CDEF /* Pods-RTC-Quick-Start-iOS.debug.xcconfig */ = {isa = PBXFileReference; includeInIndex = 1; lastKnownFileType = text.xcconfig; name = "Pods-RTC-Quick-Start-iOS.debug.xcconfig"; path = "Pods/Target Support Files/Pods-RTC-Quick-Start-iOS/Pods-RTC-Quick-Start-iOS.debug.xcconfig"; sourceTree = "<group>"; };
		8F5593480661FC62B77E140C /* Pods-RTC-Quick-Start-iOSUITests.debug.xcconfig */ = {isa = PBXFileReference; includeInIndex = 1; lastKnownFileType = text.xcconfig; name = "Pods-RTC-Quick-Start-iOSUITests.debug.xcconfig"; path = "Pods/Target Support Files/Pods-RTC-Quick-Start-iOSUITests/Pods-RTC-Quick-Start-iOSUITests.debug.xcconfig"; sourceTree = "<group>"; };
		8FAB22B9B09488B6E3444CC3 /* Pods-RTC-Quick-Start-iOSTests.release.xcconfig */ = {isa = PBXFileReference; includeInIndex = 1; lastKnownFileType = text.xcconfig; name = "Pods-RTC-Quick-Start-iOSTests.release.xcconfig"; path = "Pods/Target Support Files/Pods-RTC-Quick-Start-iOSTests/Pods-RTC-Quick-Start-iOSTests.release.xcconfig"; sourceTree = "<group>"; };
		B87A5E9D85467B91579316AB /* Pods-RTC-Quick-Start-iOSTests.debug.xcconfig */ = {isa = PBXFileReference; includeInIndex = 1; lastKnownFileType = text.xcconfig; name = "Pods-RTC-Quick-Start-iOSTests.debug.xcconfig"; path = "Pods/Target Support Files/Pods-RTC-Quick-Start-iOSTests/Pods-RTC-Quick-Start-iOSTests.debug.xcconfig"; sourceTree = "<group>"; };
		C114B318697A812E370BC5B7 /* libPods-RTC-Quick-Start-iOS.a */ = {isa = PBXFileReference; explicitFileType = archive.ar; includeInIndex = 0; path = "libPods-RTC-Quick-Start-iOS.a"; sourceTree = BUILT_PRODUCTS_DIR; };
		E16D575521F85973758E2229 /* Pods-RTC-Quick-Start-iOSUITests.release.xcconfig */ = {isa = PBXFileReference; includeInIndex = 1; lastKnownFileType = text.xcconfig; name = "Pods-RTC-Quick-Start-iOSUITests.release.xcconfig"; path = "Pods/Target Support Files/Pods-RTC-Quick-Start-iOSUITests/Pods-RTC-Quick-Start-iOSUITests.release.xcconfig"; sourceTree = "<group>"; };
		E4CB1D606D6CBE18C224C893 /* libPods-RTC-Quick-Start-iOSUITests.a */ = {isa = PBXFileReference; explicitFileType = archive.ar; includeInIndex = 0; path = "libPods-RTC-Quick-Start-iOSUITests.a"; sourceTree = BUILT_PRODUCTS_DIR; };
/* End PBXFileReference section */

/* Begin PBXFrameworksBuildPhase section */
		1714B563225AF4E700DDBBA4 /* Frameworks */ = {
			isa = PBXFrameworksBuildPhase;
			buildActionMask = 2147483647;
			files = (
				30F4036BB3C39EDB199C2AB4 /* libPods-RTC-Quick-Start-iOS.a in Frameworks */,
			);
			runOnlyForDeploymentPostprocessing = 0;
		};
		1714B57B225AF4E800DDBBA4 /* Frameworks */ = {
			isa = PBXFrameworksBuildPhase;
			buildActionMask = 2147483647;
			files = (
				9F46D11DB36FB2D912776F09 /* libPods-RTC-Quick-Start-iOSTests.a in Frameworks */,
			);
			runOnlyForDeploymentPostprocessing = 0;
		};
		1714B586225AF4E800DDBBA4 /* Frameworks */ = {
			isa = PBXFrameworksBuildPhase;
			buildActionMask = 2147483647;
			files = (
				28BA58C52BFB3B24EC7B04B5 /* libPods-RTC-Quick-Start-iOSUITests.a in Frameworks */,
			);
			runOnlyForDeploymentPostprocessing = 0;
		};
/* End PBXFrameworksBuildPhase section */

/* Begin PBXGroup section */
		1714B55D225AF4E700DDBBA4 = {
			isa = PBXGroup;
			children = (
				1714B568225AF4E700DDBBA4 /* RTC-Quick-Start-iOS */,
				1714B581225AF4E800DDBBA4 /* RTC-Quick-Start-iOSTests */,
				1714B58C225AF4E800DDBBA4 /* RTC-Quick-Start-iOSUITests */,
				1714B567225AF4E700DDBBA4 /* Products */,
				4E3127F36A85D500EF4BE7B4 /* Pods */,
				7092E150FEEBB2937F555806 /* Frameworks */,
			);
			sourceTree = "<group>";
		};
		1714B567225AF4E700DDBBA4 /* Products */ = {
			isa = PBXGroup;
			children = (
				1714B566225AF4E700DDBBA4 /* RTC-Quick-Start-iOS.app */,
				1714B57E225AF4E800DDBBA4 /* RTC-Quick-Start-iOSTests.xctest */,
				1714B589225AF4E800DDBBA4 /* RTC-Quick-Start-iOSUITests.xctest */,
			);
			name = Products;
			sourceTree = "<group>";
		};
		1714B568225AF4E700DDBBA4 /* RTC-Quick-Start-iOS */ = {
			isa = PBXGroup;
			children = (
				1714B569225AF4E700DDBBA4 /* AppDelegate.h */,
				1714B56A225AF4E700DDBBA4 /* AppDelegate.m */,
				1714B56C225AF4E700DDBBA4 /* ViewController.h */,
				1714B56D225AF4E700DDBBA4 /* ViewController.m */,
				1714B56F225AF4E700DDBBA4 /* Main.storyboard */,
				1714B572225AF4E800DDBBA4 /* Assets.xcassets */,
				1714B574225AF4E800DDBBA4 /* LaunchScreen.storyboard */,
				1714B577225AF4E800DDBBA4 /* Info.plist */,
				1714B578225AF4E800DDBBA4 /* main.m */,
			);
			path = "RTC-Quick-Start-iOS";
			sourceTree = "<group>";
		};
		1714B581225AF4E800DDBBA4 /* RTC-Quick-Start-iOSTests */ = {
			isa = PBXGroup;
			children = (
				1714B582225AF4E800DDBBA4 /* RTC_Quick_Start_iOSTests.m */,
				1714B584225AF4E800DDBBA4 /* Info.plist */,
			);
			path = "RTC-Quick-Start-iOSTests";
			sourceTree = "<group>";
		};
		1714B58C225AF4E800DDBBA4 /* RTC-Quick-Start-iOSUITests */ = {
			isa = PBXGroup;
			children = (
				1714B58D225AF4E800DDBBA4 /* RTC_Quick_Start_iOSUITests.m */,
				1714B58F225AF4E800DDBBA4 /* Info.plist */,
			);
			path = "RTC-Quick-Start-iOSUITests";
			sourceTree = "<group>";
		};
		4E3127F36A85D500EF4BE7B4 /* Pods */ = {
			isa = PBXGroup;
			children = (
				863EC3A44899299E38E3CDEF /* Pods-RTC-Quick-Start-iOS.debug.xcconfig */,
				1DD49463AE5A8F94664A739E /* Pods-RTC-Quick-Start-iOS.release.xcconfig */,
				B87A5E9D85467B91579316AB /* Pods-RTC-Quick-Start-iOSTests.debug.xcconfig */,
				8FAB22B9B09488B6E3444CC3 /* Pods-RTC-Quick-Start-iOSTests.release.xcconfig */,
				8F5593480661FC62B77E140C /* Pods-RTC-Quick-Start-iOSUITests.debug.xcconfig */,
				E16D575521F85973758E2229 /* Pods-RTC-Quick-Start-iOSUITests.release.xcconfig */,
			);
			name = Pods;
			sourceTree = "<group>";
		};
		7092E150FEEBB2937F555806 /* Frameworks */ = {
			isa = PBXGroup;
			children = (
				C114B318697A812E370BC5B7 /* libPods-RTC-Quick-Start-iOS.a */,
				4BE177E8618FE630514C7B65 /* libPods-RTC-Quick-Start-iOSTests.a */,
				E4CB1D606D6CBE18C224C893 /* libPods-RTC-Quick-Start-iOSUITests.a */,
			);
			name = Frameworks;
			sourceTree = "<group>";
		};
/* End PBXGroup section */

/* Begin PBXNativeTarget section */
		1714B565225AF4E700DDBBA4 /* RTC-Quick-Start-iOS */ = {
			isa = PBXNativeTarget;
			buildConfigurationList = 1714B592225AF4E800DDBBA4 /* Build configuration list for PBXNativeTarget "RTC-Quick-Start-iOS" */;
			buildPhases = (
				A0FC9AF047C8F0F1644D63EC /* [CP] Check Pods Manifest.lock */,
				1714B562225AF4E700DDBBA4 /* Sources */,
				1714B563225AF4E700DDBBA4 /* Frameworks */,
				1714B564225AF4E700DDBBA4 /* Resources */,
				1A0959F13DB2B27EB934556A /* [CP] Copy Pods Resources */,
			);
			buildRules = (
			);
			dependencies = (
			);
			name = "RTC-Quick-Start-iOS";
			productName = "RTC-Quick-Start-iOS";
			productReference = 1714B566225AF4E700DDBBA4 /* RTC-Quick-Start-iOS.app */;
			productType = "com.apple.product-type.application";
		};
		1714B57D225AF4E800DDBBA4 /* RTC-Quick-Start-iOSTests */ = {
			isa = PBXNativeTarget;
			buildConfigurationList = 1714B595225AF4E800DDBBA4 /* Build configuration list for PBXNativeTarget "RTC-Quick-Start-iOSTests" */;
			buildPhases = (
				D8A7F16B211B941C5660A63C /* [CP] Check Pods Manifest.lock */,
				1714B57A225AF4E800DDBBA4 /* Sources */,
				1714B57B225AF4E800DDBBA4 /* Frameworks */,
				1714B57C225AF4E800DDBBA4 /* Resources */,
			);
			buildRules = (
			);
			dependencies = (
				1714B580225AF4E800DDBBA4 /* PBXTargetDependency */,
			);
			name = "RTC-Quick-Start-iOSTests";
			productName = "RTC-Quick-Start-iOSTests";
			productReference = 1714B57E225AF4E800DDBBA4 /* RTC-Quick-Start-iOSTests.xctest */;
			productType = "com.apple.product-type.bundle.unit-test";
		};
		1714B588225AF4E800DDBBA4 /* RTC-Quick-Start-iOSUITests */ = {
			isa = PBXNativeTarget;
			buildConfigurationList = 1714B598225AF4E800DDBBA4 /* Build configuration list for PBXNativeTarget "RTC-Quick-Start-iOSUITests" */;
			buildPhases = (
				6D14AC183E0C4F1DC4D33B6F /* [CP] Check Pods Manifest.lock */,
				1714B585225AF4E800DDBBA4 /* Sources */,
				1714B586225AF4E800DDBBA4 /* Frameworks */,
				1714B587225AF4E800DDBBA4 /* Resources */,
			);
			buildRules = (
			);
			dependencies = (
				1714B58B225AF4E800DDBBA4 /* PBXTargetDependency */,
			);
			name = "RTC-Quick-Start-iOSUITests";
			productName = "RTC-Quick-Start-iOSUITests";
			productReference = 1714B589225AF4E800DDBBA4 /* RTC-Quick-Start-iOSUITests.xctest */;
			productType = "com.apple.product-type.bundle.ui-testing";
		};
/* End PBXNativeTarget section */

/* Begin PBXProject section */
		1714B55E225AF4E700DDBBA4 /* Project object */ = {
			isa = PBXProject;
			attributes = {
				LastUpgradeCheck = 1010;
				ORGANIZATIONNAME = RongCloud;
				TargetAttributes = {
					1714B565225AF4E700DDBBA4 = {
						CreatedOnToolsVersion = 10.1;
					};
					1714B57D225AF4E800DDBBA4 = {
						CreatedOnToolsVersion = 10.1;
						TestTargetID = 1714B565225AF4E700DDBBA4;
					};
					1714B588225AF4E800DDBBA4 = {
						CreatedOnToolsVersion = 10.1;
						TestTargetID = 1714B565225AF4E700DDBBA4;
					};
				};
			};
			buildConfigurationList = 1714B561225AF4E700DDBBA4 /* Build configuration list for PBXProject "RTC-Quick-Start-iOS" */;
			compatibilityVersion = "Xcode 9.3";
			developmentRegion = en;
			hasScannedForEncodings = 0;
			knownRegions = (
				en,
				Base,
			);
			mainGroup = 1714B55D225AF4E700DDBBA4;
			productRefGroup = 1714B567225AF4E700DDBBA4 /* Products */;
			projectDirPath = "";
			projectRoot = "";
			targets = (
				1714B565225AF4E700DDBBA4 /* RTC-Quick-Start-iOS */,
				1714B57D225AF4E800DDBBA4 /* RTC-Quick-Start-iOSTests */,
				1714B588225AF4E800DDBBA4 /* RTC-Quick-Start-iOSUITests */,
			);
		};
/* End PBXProject section */

/* Begin PBXResourcesBuildPhase section */
		1714B564225AF4E700DDBBA4 /* Resources */ = {
			isa = PBXResourcesBuildPhase;
			buildActionMask = 2147483647;
			files = (
				1714B576225AF4E800DDBBA4 /* LaunchScreen.storyboard in Resources */,
				1714B573225AF4E800DDBBA4 /* Assets.xcassets in Resources */,
				1714B571225AF4E700DDBBA4 /* Main.storyboard in Resources */,
			);
			runOnlyForDeploymentPostprocessing = 0;
		};
		1714B57C225AF4E800DDBBA4 /* Resources */ = {
			isa = PBXResourcesBuildPhase;
			buildActionMask = 2147483647;
			files = (
			);
			runOnlyForDeploymentPostprocessing = 0;
		};
		1714B587225AF4E800DDBBA4 /* Resources */ = {
			isa = PBXResourcesBuildPhase;
			buildActionMask = 2147483647;
			files = (
			);
			runOnlyForDeploymentPostprocessing = 0;
		};
/* End PBXResourcesBuildPhase section */

/* Begin PBXShellScriptBuildPhase section */
		1A0959F13DB2B27EB934556A /* [CP] Copy Pods Resources */ = {
			isa = PBXShellScriptBuildPhase;
			buildActionMask = 2147483647;
			files = (
			);
			inputPaths = (
				"${PODS_ROOT}/Target Support Files/Pods-RTC-Quick-Start-iOS/Pods-RTC-Quick-Start-iOS-resources.sh",
				"${PODS_ROOT}/RongCloudIM/RongCloudIM/RCConfig.plist",
			);
			name = "[CP] Copy Pods Resources";
			outputPaths = (
				"${TARGET_BUILD_DIR}/${UNLOCALIZED_RESOURCES_FOLDER_PATH}/RCConfig.plist",
			);
			runOnlyForDeploymentPostprocessing = 0;
			shellPath = /bin/sh;
			shellScript = "\"${PODS_ROOT}/Target Support Files/Pods-RTC-Quick-Start-iOS/Pods-RTC-Quick-Start-iOS-resources.sh\"\n";
			showEnvVarsInLog = 0;
		};
		6D14AC183E0C4F1DC4D33B6F /* [CP] Check Pods Manifest.lock */ = {
			isa = PBXShellScriptBuildPhase;
			buildActionMask = 2147483647;
			files = (
			);
			inputPaths = (
				"${PODS_PODFILE_DIR_PATH}/Podfile.lock",
				"${PODS_ROOT}/Manifest.lock",
			);
			name = "[CP] Check Pods Manifest.lock";
			outputPaths = (
				"$(DERIVED_FILE_DIR)/Pods-RTC-Quick-Start-iOSUITests-checkManifestLockResult.txt",
			);
			runOnlyForDeploymentPostprocessing = 0;
			shellPath = /bin/sh;
			shellScript = "diff \"${PODS_PODFILE_DIR_PATH}/Podfile.lock\" \"${PODS_ROOT}/Manifest.lock\" > /dev/null\nif [ $? != 0 ] ; then\n    # print error to STDERR\n    echo \"error: The sandbox is not in sync with the Podfile.lock. Run 'pod install' or update your CocoaPods installation.\" >&2\n    exit 1\nfi\n# This output is used by Xcode 'outputs' to avoid re-running this script phase.\necho \"SUCCESS\" > \"${SCRIPT_OUTPUT_FILE_0}\"\n";
			showEnvVarsInLog = 0;
		};
		A0FC9AF047C8F0F1644D63EC /* [CP] Check Pods Manifest.lock */ = {
			isa = PBXShellScriptBuildPhase;
			buildActionMask = 2147483647;
			files = (
			);
			inputPaths = (
				"${PODS_PODFILE_DIR_PATH}/Podfile.lock",
				"${PODS_ROOT}/Manifest.lock",
			);
			name = "[CP] Check Pods Manifest.lock";
			outputPaths = (
				"$(DERIVED_FILE_DIR)/Pods-RTC-Quick-Start-iOS-checkManifestLockResult.txt",
			);
			runOnlyForDeploymentPostprocessing = 0;
			shellPath = /bin/sh;
			shellScript = "diff \"${PODS_PODFILE_DIR_PATH}/Podfile.lock\" \"${PODS_ROOT}/Manifest.lock\" > /dev/null\nif [ $? != 0 ] ; then\n    # print error to STDERR\n    echo \"error: The sandbox is not in sync with the Podfile.lock. Run 'pod install' or update your CocoaPods installation.\" >&2\n    exit 1\nfi\n# This output is used by Xcode 'outputs' to avoid re-running this script phase.\necho \"SUCCESS\" > \"${SCRIPT_OUTPUT_FILE_0}\"\n";
			showEnvVarsInLog = 0;
		};
		D8A7F16B211B941C5660A63C /* [CP] Check Pods Manifest.lock */ = {
			isa = PBXShellScriptBuildPhase;
			buildActionMask = 2147483647;
			files = (
			);
			inputPaths = (
				"${PODS_PODFILE_DIR_PATH}/Podfile.lock",
				"${PODS_ROOT}/Manifest.lock",
			);
			name = "[CP] Check Pods Manifest.lock";
			outputPaths = (
				"$(DERIVED_FILE_DIR)/Pods-RTC-Quick-Start-iOSTests-checkManifestLockResult.txt",
			);
			runOnlyForDeploymentPostprocessing = 0;
			shellPath = /bin/sh;
			shellScript = "diff \"${PODS_PODFILE_DIR_PATH}/Podfile.lock\" \"${PODS_ROOT}/Manifest.lock\" > /dev/null\nif [ $? != 0 ] ; then\n    # print error to STDERR\n    echo \"error: The sandbox is not in sync with the Podfile.lock. Run 'pod install' or update your CocoaPods installation.\" >&2\n    exit 1\nfi\n# This output is used by Xcode 'outputs' to avoid re-running this script phase.\necho \"SUCCESS\" > \"${SCRIPT_OUTPUT_FILE_0}\"\n";
			showEnvVarsInLog = 0;
		};
/* End PBXShellScriptBuildPhase section */

/* Begin PBXSourcesBuildPhase section */
		1714B562225AF4E700DDBBA4 /* Sources */ = {
			isa = PBXSourcesBuildPhase;
			buildActionMask = 2147483647;
			files = (
				1714B56E225AF4E700DDBBA4 /* ViewController.m in Sources */,
				1714B579225AF4E800DDBBA4 /* main.m in Sources */,
				1714B56B225AF4E700DDBBA4 /* AppDelegate.m in Sources */,
			);
			runOnlyForDeploymentPostprocessing = 0;
		};
		1714B57A225AF4E800DDBBA4 /* Sources */ = {
			isa = PBXSourcesBuildPhase;
			buildActionMask = 2147483647;
			files = (
				1714B583225AF4E800DDBBA4 /* RTC_Quick_Start_iOSTests.m in Sources */,
			);
			runOnlyForDeploymentPostprocessing = 0;
		};
		1714B585225AF4E800DDBBA4 /* Sources */ = {
			isa = PBXSourcesBuildPhase;
			buildActionMask = 2147483647;
			files = (
				1714B58E225AF4E800DDBBA4 /* RTC_Quick_Start_iOSUITests.m in Sources */,
			);
			runOnlyForDeploymentPostprocessing = 0;
		};
/* End PBXSourcesBuildPhase section */

/* Begin PBXTargetDependency section */
		1714B580225AF4E800DDBBA4 /* PBXTargetDependency */ = {
			isa = PBXTargetDependency;
			target = 1714B565225AF4E700DDBBA4 /* RTC-Quick-Start-iOS */;
			targetProxy = 1714B57F225AF4E800DDBBA4 /* PBXContainerItemProxy */;
		};
		1714B58B225AF4E800DDBBA4 /* PBXTargetDependency */ = {
			isa = PBXTargetDependency;
			target = 1714B565225AF4E700DDBBA4 /* RTC-Quick-Start-iOS */;
			targetProxy = 1714B58A225AF4E800DDBBA4 /* PBXContainerItemProxy */;
		};
/* End PBXTargetDependency section */

/* Begin PBXVariantGroup section */
		1714B56F225AF4E700DDBBA4 /* Main.storyboard */ = {
			isa = PBXVariantGroup;
			children = (
				1714B570225AF4E700DDBBA4 /* Base */,
			);
			name = Main.storyboard;
			sourceTree = "<group>";
		};
		1714B574225AF4E800DDBBA4 /* LaunchScreen.storyboard */ = {
			isa = PBXVariantGroup;
			children = (
				1714B575225AF4E800DDBBA4 /* Base */,
			);
			name = LaunchScreen.storyboard;
			sourceTree = "<group>";
		};
/* End PBXVariantGroup section */

/* Begin XCBuildConfiguration section */
		1714B590225AF4E800DDBBA4 /* Debug */ = {
			isa = XCBuildConfiguration;
			buildSettings = {
				ALWAYS_SEARCH_USER_PATHS = NO;
				CLANG_ANALYZER_NONNULL = YES;
				CLANG_ANALYZER_NUMBER_OBJECT_CONVERSION = YES_AGGRESSIVE;
				CLANG_CXX_LANGUAGE_STANDARD = "gnu++14";
				CLANG_CXX_LIBRARY = "libc++";
				CLANG_ENABLE_MODULES = YES;
				CLANG_ENABLE_OBJC_ARC = YES;
				CLANG_ENABLE_OBJC_WEAK = YES;
				CLANG_WARN_BLOCK_CAPTURE_AUTORELEASING = YES;
				CLANG_WARN_BOOL_CONVERSION = YES;
				CLANG_WARN_COMMA = YES;
				CLANG_WARN_CONSTANT_CONVERSION = YES;
				CLANG_WARN_DEPRECATED_OBJC_IMPLEMENTATIONS = YES;
				CLANG_WARN_DIRECT_OBJC_ISA_USAGE = YES_ERROR;
				CLANG_WARN_DOCUMENTATION_COMMENTS = YES;
				CLANG_WARN_EMPTY_BODY = YES;
				CLANG_WARN_ENUM_CONVERSION = YES;
				CLANG_WARN_INFINITE_RECURSION = YES;
				CLANG_WARN_INT_CONVERSION = YES;
				CLANG_WARN_NON_LITERAL_NULL_CONVERSION = YES;
				CLANG_WARN_OBJC_IMPLICIT_RETAIN_SELF = YES;
				CLANG_WARN_OBJC_LITERAL_CONVERSION = YES;
				CLANG_WARN_OBJC_ROOT_CLASS = YES_ERROR;
				CLANG_WARN_RANGE_LOOP_ANALYSIS = YES;
				CLANG_WARN_STRICT_PROTOTYPES = YES;
				CLANG_WARN_SUSPICIOUS_MOVE = YES;
				CLANG_WARN_UNGUARDED_AVAILABILITY = YES_AGGRESSIVE;
				CLANG_WARN_UNREACHABLE_CODE = YES;
				CLANG_WARN__DUPLICATE_METHOD_MATCH = YES;
				CODE_SIGN_IDENTITY = "iPhone Developer";
				COPY_PHASE_STRIP = NO;
				DEBUG_INFORMATION_FORMAT = dwarf;
				ENABLE_STRICT_OBJC_MSGSEND = YES;
				ENABLE_TESTABILITY = YES;
				GCC_C_LANGUAGE_STANDARD = gnu11;
				GCC_DYNAMIC_NO_PIC = NO;
				GCC_NO_COMMON_BLOCKS = YES;
				GCC_OPTIMIZATION_LEVEL = 0;
				GCC_PREPROCESSOR_DEFINITIONS = (
					"DEBUG=1",
					"$(inherited)",
				);
				GCC_WARN_64_TO_32_BIT_CONVERSION = YES;
				GCC_WARN_ABOUT_RETURN_TYPE = YES_ERROR;
				GCC_WARN_UNDECLARED_SELECTOR = YES;
				GCC_WARN_UNINITIALIZED_AUTOS = YES_AGGRESSIVE;
				GCC_WARN_UNUSED_FUNCTION = YES;
				GCC_WARN_UNUSED_VARIABLE = YES;
				IPHONEOS_DEPLOYMENT_TARGET = 12.1;
				MTL_ENABLE_DEBUG_INFO = INCLUDE_SOURCE;
				MTL_FAST_MATH = YES;
				ONLY_ACTIVE_ARCH = YES;
				SDKROOT = iphoneos;
			};
			name = Debug;
		};
		1714B591225AF4E800DDBBA4 /* Release */ = {
			isa = XCBuildConfiguration;
			buildSettings = {
				ALWAYS_SEARCH_USER_PATHS = NO;
				CLANG_ANALYZER_NONNULL = YES;
				CLANG_ANALYZER_NUMBER_OBJECT_CONVERSION = YES_AGGRESSIVE;
				CLANG_CXX_LANGUAGE_STANDARD = "gnu++14";
				CLANG_CXX_LIBRARY = "libc++";
				CLANG_ENABLE_MODULES = YES;
				CLANG_ENABLE_OBJC_ARC = YES;
				CLANG_ENABLE_OBJC_WEAK = YES;
				CLANG_WARN_BLOCK_CAPTURE_AUTORELEASING = YES;
				CLANG_WARN_BOOL_CONVERSION = YES;
				CLANG_WARN_COMMA = YES;
				CLANG_WARN_CONSTANT_CONVERSION = YES;
				CLANG_WARN_DEPRECATED_OBJC_IMPLEMENTATIONS = YES;
				CLANG_WARN_DIRECT_OBJC_ISA_USAGE = YES_ERROR;
				CLANG_WARN_DOCUMENTATION_COMMENTS = YES;
				CLANG_WARN_EMPTY_BODY = YES;
				CLANG_WARN_ENUM_CONVERSION = YES;
				CLANG_WARN_INFINITE_RECURSION = YES;
				CLANG_WARN_INT_CONVERSION = YES;
				CLANG_WARN_NON_LITERAL_NULL_CONVERSION = YES;
				CLANG_WARN_OBJC_IMPLICIT_RETAIN_SELF = YES;
				CLANG_WARN_OBJC_LITERAL_CONVERSION = YES;
				CLANG_WARN_OBJC_ROOT_CLASS = YES_ERROR;
				CLANG_WARN_RANGE_LOOP_ANALYSIS = YES;
				CLANG_WARN_STRICT_PROTOTYPES = YES;
				CLANG_WARN_SUSPICIOUS_MOVE = YES;
				CLANG_WARN_UNGUARDED_AVAILABILITY = YES_AGGRESSIVE;
				CLANG_WARN_UNREACHABLE_CODE = YES;
				CLANG_WARN__DUPLICATE_METHOD_MATCH = YES;
				CODE_SIGN_IDENTITY = "iPhone Developer";
				COPY_PHASE_STRIP = NO;
				DEBUG_INFORMATION_FORMAT = "dwarf-with-dsym";
				ENABLE_NS_ASSERTIONS = NO;
				ENABLE_STRICT_OBJC_MSGSEND = YES;
				GCC_C_LANGUAGE_STANDARD = gnu11;
				GCC_NO_COMMON_BLOCKS = YES;
				GCC_WARN_64_TO_32_BIT_CONVERSION = YES;
				GCC_WARN_ABOUT_RETURN_TYPE = YES_ERROR;
				GCC_WARN_UNDECLARED_SELECTOR = YES;
				GCC_WARN_UNINITIALIZED_AUTOS = YES_AGGRESSIVE;
				GCC_WARN_UNUSED_FUNCTION = YES;
				GCC_WARN_UNUSED_VARIABLE = YES;
				IPHONEOS_DEPLOYMENT_TARGET = 12.1;
				MTL_ENABLE_DEBUG_INFO = NO;
				MTL_FAST_MATH = YES;
				SDKROOT = iphoneos;
				VALIDATE_PRODUCT = YES;
			};
			name = Release;
		};
		1714B593225AF4E800DDBBA4 /* Debug */ = {
			isa = XCBuildConfiguration;
			baseConfigurationReference = 863EC3A44899299E38E3CDEF /* Pods-RTC-Quick-Start-iOS.debug.xcconfig */;
			buildSettings = {
				ASSETCATALOG_COMPILER_APPICON_NAME = AppIcon;
				CODE_SIGN_IDENTITY = "iPhone Developer";
				CODE_SIGN_STYLE = Automatic;
				DEVELOPMENT_TEAM = C48KFNDY4D;
				ENABLE_BITCODE = NO;
				INFOPLIST_FILE = "RTC-Quick-Start-iOS/Info.plist";
				IPHONEOS_DEPLOYMENT_TARGET = 10;
				LD_RUNPATH_SEARCH_PATHS = (
					"$(inherited)",
					"@executable_path/Frameworks",
				);
				PRODUCT_BUNDLE_IDENTIFIER = com.jfdream.helloapp;
				PRODUCT_NAME = "$(TARGET_NAME)";
				PROVISIONING_PROFILE_SPECIFIER = "";
				TARGETED_DEVICE_FAMILY = "1,2";
			};
			name = Debug;
		};
		1714B594225AF4E800DDBBA4 /* Release */ = {
			isa = XCBuildConfiguration;
			baseConfigurationReference = 1DD49463AE5A8F94664A739E /* Pods-RTC-Quick-Start-iOS.release.xcconfig */;
			buildSettings = {
				ASSETCATALOG_COMPILER_APPICON_NAME = AppIcon;
				CODE_SIGN_IDENTITY = "iPhone Developer";
				CODE_SIGN_STYLE = Automatic;
				DEVELOPMENT_TEAM = C48KFNDY4D;
				ENABLE_BITCODE = NO;
				INFOPLIST_FILE = "RTC-Quick-Start-iOS/Info.plist";
				IPHONEOS_DEPLOYMENT_TARGET = 10;
				LD_RUNPATH_SEARCH_PATHS = (
					"$(inherited)",
					"@executable_path/Frameworks",
				);
				PRODUCT_BUNDLE_IDENTIFIER = com.jfdream.helloapp;
				PRODUCT_NAME = "$(TARGET_NAME)";
				PROVISIONING_PROFILE_SPECIFIER = "";
				TARGETED_DEVICE_FAMILY = "1,2";
			};
			name = Release;
		};
		1714B596225AF4E800DDBBA4 /* Debug */ = {
			isa = XCBuildConfiguration;
			baseConfigurationReference = B87A5E9D85467B91579316AB /* Pods-RTC-Quick-Start-iOSTests.debug.xcconfig */;
			buildSettings = {
				BUNDLE_LOADER = "$(TEST_HOST)";
				CODE_SIGN_STYLE = Automatic;
				DEVELOPMENT_TEAM = 9CVMN4UZK4;
				INFOPLIST_FILE = "RTC-Quick-Start-iOSTests/Info.plist";
				LD_RUNPATH_SEARCH_PATHS = (
					"$(inherited)",
					"@executable_path/Frameworks",
					"@loader_path/Frameworks",
				);
				PRODUCT_BUNDLE_IDENTIFIER = "com.soooner.RTC-Quick-Start-iOSTests";
				PRODUCT_NAME = "$(TARGET_NAME)";
				TARGETED_DEVICE_FAMILY = "1,2";
				TEST_HOST = "$(BUILT_PRODUCTS_DIR)/RTC-Quick-Start-iOS.app/RTC-Quick-Start-iOS";
			};
			name = Debug;
		};
		1714B597225AF4E800DDBBA4 /* Release */ = {
			isa = XCBuildConfiguration;
			baseConfigurationReference = 8FAB22B9B09488B6E3444CC3 /* Pods-RTC-Quick-Start-iOSTests.release.xcconfig */;
			buildSettings = {
				BUNDLE_LOADER = "$(TEST_HOST)";
				CODE_SIGN_STYLE = Automatic;
				DEVELOPMENT_TEAM = 9CVMN4UZK4;
				INFOPLIST_FILE = "RTC-Quick-Start-iOSTests/Info.plist";
				LD_RUNPATH_SEARCH_PATHS = (
					"$(inherited)",
					"@executable_path/Frameworks",
					"@loader_path/Frameworks",
				);
				PRODUCT_BUNDLE_IDENTIFIER = "com.soooner.RTC-Quick-Start-iOSTests";
				PRODUCT_NAME = "$(TARGET_NAME)";
				TARGETED_DEVICE_FAMILY = "1,2";
				TEST_HOST = "$(BUILT_PRODUCTS_DIR)/RTC-Quick-Start-iOS.app/RTC-Quick-Start-iOS";
			};
			name = Release;
		};
		1714B599225AF4E800DDBBA4 /* Debug */ = {
			isa = XCBuildConfiguration;
			baseConfigurationReference = 8F5593480661FC62B77E140C /* Pods-RTC-Quick-Start-iOSUITests.debug.xcconfig */;
			buildSettings = {
				CODE_SIGN_STYLE = Automatic;
				DEVELOPMENT_TEAM = 9CVMN4UZK4;
				INFOPLIST_FILE = "RTC-Quick-Start-iOSUITests/Info.plist";
				LD_RUNPATH_SEARCH_PATHS = (
					"$(inherited)",
					"@executable_path/Frameworks",
					"@loader_path/Frameworks",
				);
				PRODUCT_BUNDLE_IDENTIFIER = "com.soooner.RTC-Quick-Start-iOSUITests";
				PRODUCT_NAME = "$(TARGET_NAME)";
				TARGETED_DEVICE_FAMILY = "1,2";
				TEST_TARGET_NAME = "RTC-Quick-Start-iOS";
			};
			name = Debug;
		};
		1714B59A225AF4E800DDBBA4 /* Release */ = {
			isa = XCBuildConfiguration;
			baseConfigurationReference = E16D575521F85973758E2229 /* Pods-RTC-Quick-Start-iOSUITests.release.xcconfig */;
			buildSettings = {
				CODE_SIGN_STYLE = Automatic;
				DEVELOPMENT_TEAM = 9CVMN4UZK4;
				INFOPLIST_FILE = "RTC-Quick-Start-iOSUITests/Info.plist";
				LD_RUNPATH_SEARCH_PATHS = (
					"$(inherited)",
					"@executable_path/Frameworks",
					"@loader_path/Frameworks",
				);
				PRODUCT_BUNDLE_IDENTIFIER = "com.soooner.RTC-Quick-Start-iOSUITests";
				PRODUCT_NAME = "$(TARGET_NAME)";
				TARGETED_DEVICE_FAMILY = "1,2";
				TEST_TARGET_NAME = "RTC-Quick-Start-iOS";
			};
			name = Release;
		};
/* End XCBuildConfiguration section */

/* Begin XCConfigurationList section */
		1714B561225AF4E700DDBBA4 /* Build configuration list for PBXProject "RTC-Quick-Start-iOS" */ = {
			isa = XCConfigurationList;
			buildConfigurations = (
				1714B590225AF4E800DDBBA4 /* Debug */,
				1714B591225AF4E800DDBBA4 /* Release */,
			);
			defaultConfigurationIsVisible = 0;
			defaultConfigurationName = Release;
		};
		1714B592225AF4E800DDBBA4 /* Build configuration list for PBXNativeTarget "RTC-Quick-Start-iOS" */ = {
			isa = XCConfigurationList;
			buildConfigurations = (
				1714B593225AF4E800DDBBA4 /* Debug */,
				1714B594225AF4E800DDBBA4 /* Release */,
			);
			defaultConfigurationIsVisible = 0;
			defaultConfigurationName = Release;
		};
		1714B595225AF4E800DDBBA4 /* Build configuration list for PBXNativeTarget "RTC-Quick-Start-iOSTests" */ = {
			isa = XCConfigurationList;
			buildConfigurations = (
				1714B596225AF4E800DDBBA4 /* Debug */,
				1714B597225AF4E800DDBBA4 /* Release */,
			);
			defaultConfigurationIsVisible = 0;
			defaultConfigurationName = Release;
		};
		1714B598225AF4E800DDBBA4 /* Build configuration list for PBXNativeTarget "RTC-Quick-Start-iOSUITests" */ = {
			isa = XCConfigurationList;
			buildConfigurations = (
				1714B599225AF4E800DDBBA4 /* Debug */,
				1714B59A225AF4E800DDBBA4 /* Release */,
			);
			defaultConfigurationIsVisible = 0;
			defaultConfigurationName = Release;
		};
/* End XCConfigurationList section */
	};
	rootObject = 1714B55E225AF4E700DDBBA4 /* Project object */;
}
